// !$*UTF8*$!
{
	archiveVersion = 1;
	classes = {
	};
	objectVersion = 46;
	objects = {

/* Begin PBXBuildFile section */
		002847251CC1D0BE00691204 /* main.m in Sources */ = {isa = PBXBuildFile; fileRef = 002847241CC1D0BE00691204 /* main.m */; };
		002847301CC1D0BE00691204 /* Assets.xcassets in Resources */ = {isa = PBXBuildFile; fileRef = 0028472F1CC1D0BE00691204 /* Assets.xcassets */; };
		002847331CC1D0BE00691204 /* LaunchScreen.storyboard in Resources */ = {isa = PBXBuildFile; fileRef = 002847311CC1D0BE00691204 /* LaunchScreen.storyboard */; };
		0028473E1CC1D0BE00691204 /* LCMogoWeiboDemoTests.m in Sources */ = {isa = PBXBuildFile; fileRef = 0028473D1CC1D0BE00691204 /* LCMogoWeiboDemoTests.m */; };
		002847491CC1D0BE00691204 /* LCMogoWeiboDemoUITests.m in Sources */ = {isa = PBXBuildFile; fileRef = 002847481CC1D0BE00691204 /* LCMogoWeiboDemoUITests.m */; };
		0028477C1CC1D0FD00691204 /* AppDelegate.m in Sources */ = {isa = PBXBuildFile; fileRef = 002847581CC1D0FD00691204 /* AppDelegate.m */; };
		0028477D1CC1D0FD00691204 /* LCDiscorverTableViewController.m in Sources */ = {isa = PBXBuildFile; fileRef = 0028475D1CC1D0FD00691204 /* LCDiscorverTableViewController.m */; };
		0028477F1CC1D0FD00691204 /* LCMessageTableViewController.m in Sources */ = {isa = PBXBuildFile; fileRef = 002847691CC1D0FD00691204 /* LCMessageTableViewController.m */; };
		002847801CC1D0FD00691204 /* LCPostMessageViewController.m in Sources */ = {isa = PBXBuildFile; fileRef = 0028476F1CC1D0FD00691204 /* LCPostMessageViewController.m */; };
		002847811CC1D0FD00691204 /* LCPostMessageViewController.xib in Resources */ = {isa = PBXBuildFile; fileRef = 002847701CC1D0FD00691204 /* LCPostMessageViewController.xib */; };
		002847821CC1D0FD00691204 /* LCProfileTableViewController.m in Sources */ = {isa = PBXBuildFile; fileRef = 002847761CC1D0FD00691204 /* LCProfileTableViewController.m */; };
		002847831CC1D0FD00691204 /* LCMoGoWeiBoTabBarController.m in Sources */ = {isa = PBXBuildFile; fileRef = 0028477B1CC1D0FD00691204 /* LCMoGoWeiBoTabBarController.m */; };
		0028478F1CC1D10600691204 /* LCBaseTableViewController.m in Sources */ = {isa = PBXBuildFile; fileRef = 002847861CC1D10600691204 /* LCBaseTableViewController.m */; };
		002847911CC1D10600691204 /* LCNavgationController.m in Sources */ = {isa = PBXBuildFile; fileRef = 0028478A1CC1D10600691204 /* LCNavgationController.m */; };
		002847921CC1D10600691204 /* LCTabBar.m in Sources */ = {isa = PBXBuildFile; fileRef = 0028478C1CC1D10600691204 /* LCTabBar.m */; };
		002847931CC1D10600691204 /* LCTabBarController.m in Sources */ = {isa = PBXBuildFile; fileRef = 0028478E1CC1D10600691204 /* LCTabBarController.m */; };
		002847981CC1D1D500691204 /* LCTestViewController.m in Sources */ = {isa = PBXBuildFile; fileRef = 002847961CC1D1D500691204 /* LCTestViewController.m */; };
		002847991CC1D1D500691204 /* LCTestViewController.xib in Resources */ = {isa = PBXBuildFile; fileRef = 002847971CC1D1D500691204 /* LCTestViewController.xib */; };
		00B83AFC1CC297C200B97B3C /* CatchCrash.m in Sources */ = {isa = PBXBuildFile; fileRef = 00B83AFB1CC297C200B97B3C /* CatchCrash.m */; };
		00B83AFF1CC2B3D700B97B3C /* LCManagerTool.m in Sources */ = {isa = PBXBuildFile; fileRef = 00B83AFE1CC2B3D700B97B3C /* LCManagerTool.m */; };
		00EE2A9E1CD0F51B000C491A /* Foundation+Log.m in Sources */ = {isa = PBXBuildFile; fileRef = 00EE2A911CD0F51B000C491A /* Foundation+Log.m */; };
		00EE2A9F1CD0F51B000C491A /* NSDate+Extension.m in Sources */ = {isa = PBXBuildFile; fileRef = 00EE2A931CD0F51B000C491A /* NSDate+Extension.m */; };
		00EE2AA01CD0F51B000C491A /* NSString+LengthInLabel.m in Sources */ = {isa = PBXBuildFile; fileRef = 00EE2A951CD0F51B000C491A /* NSString+LengthInLabel.m */; };
		00EE2AA11CD0F51B000C491A /* UIBarButtonItem+Extension.m in Sources */ = {isa = PBXBuildFile; fileRef = 00EE2A971CD0F51B000C491A /* UIBarButtonItem+Extension.m */; };
		00EE2AA21CD0F51B000C491A /* UIColor+Extension.m in Sources */ = {isa = PBXBuildFile; fileRef = 00EE2A991CD0F51B000C491A /* UIColor+Extension.m */; };
		00EE2AA31CD0F51B000C491A /* UIScrollView+LCRefresh.m in Sources */ = {isa = PBXBuildFile; fileRef = 00EE2A9B1CD0F51B000C491A /* UIScrollView+LCRefresh.m */; };
		00EE2AA41CD0F51B000C491A /* UIView+Extension.m in Sources */ = {isa = PBXBuildFile; fileRef = 00EE2A9D1CD0F51B000C491A /* UIView+Extension.m */; };
		00EE2AB11CD0F59E000C491A /* LCLabel.m in Sources */ = {isa = PBXBuildFile; fileRef = 00EE2AA81CD0F59E000C491A /* LCLabel.m */; };
		00EE2AB21CD0F59E000C491A /* LCTableView.m in Sources */ = {isa = PBXBuildFile; fileRef = 00EE2AAA1CD0F59E000C491A /* LCTableView.m */; };
		00EE2AB31CD0F59E000C491A /* LCTableViewCell.m in Sources */ = {isa = PBXBuildFile; fileRef = 00EE2AAC1CD0F59E000C491A /* LCTableViewCell.m */; };
		00EE2AB41CD0F59E000C491A /* LCView.m in Sources */ = {isa = PBXBuildFile; fileRef = 00EE2AAE1CD0F59E000C491A /* LCView.m */; };
		00EE2AE61CD0F5CE000C491A /* LCDBConst.m in Sources */ = {isa = PBXBuildFile; fileRef = 00EE2ABB1CD0F5CE000C491A /* LCDBConst.m */; };
		00EE2AE71CD0F5CE000C491A /* LCDBManager.m in Sources */ = {isa = PBXBuildFile; fileRef = 00EE2ABD1CD0F5CE000C491A /* LCDBManager.m */; };
		00EE2AE81CD0F5CE000C491A /* LCDBTool.m in Sources */ = {isa = PBXBuildFile; fileRef = 00EE2ABF1CD0F5CE000C491A /* LCDBTool.m */; };
		00EE2AE91CD0F5CE000C491A /* LCURLCache.m in Sources */ = {isa = PBXBuildFile; fileRef = 00EE2AC11CD0F5CE000C491A /* LCURLCache.m */; };
		00EE2AEA1CD0F5CE000C491A /* LCLoadFaildView.m in Sources */ = {isa = PBXBuildFile; fileRef = 00EE2AC41CD0F5CE000C491A /* LCLoadFaildView.m */; };
		00EE2AEB1CD0F5CE000C491A /* LCNetworkCutView.m in Sources */ = {isa = PBXBuildFile; fileRef = 00EE2AC61CD0F5CE000C491A /* LCNetworkCutView.m */; };
		00EE2AEC1CD0F5CE000C491A /* LCShowErrorViewTool.m in Sources */ = {isa = PBXBuildFile; fileRef = 00EE2AC81CD0F5CE000C491A /* LCShowErrorViewTool.m */; };
		00EE2AED1CD0F5CE000C491A /* LCException.m in Sources */ = {isa = PBXBuildFile; fileRef = 00EE2ACB1CD0F5CE000C491A /* LCException.m */; };
		00EE2AEE1CD0F5CE000C491A /* LCExceptionConst.m in Sources */ = {isa = PBXBuildFile; fileRef = 00EE2ACD1CD0F5CE000C491A /* LCExceptionConst.m */; };
		00EE2AEF1CD0F5CE000C491A /* hardLoding@2x.gif in Resources */ = {isa = PBXBuildFile; fileRef = 00EE2ACF1CD0F5CE000C491A /* hardLoding@2x.gif */; };
		00EE2AF01CD0F5CE000C491A /* hardLoding@3x.gif in Resources */ = {isa = PBXBuildFile; fileRef = 00EE2AD01CD0F5CE000C491A /* hardLoding@3x.gif */; };
		00EE2AF11CD0F5CE000C491A /* jhLoading@2x.gif in Resources */ = {isa = PBXBuildFile; fileRef = 00EE2AD11CD0F5CE000C491A /* jhLoading@2x.gif */; };
		00EE2AF21CD0F5CE000C491A /* jhLoading@3x.gif in Resources */ = {isa = PBXBuildFile; fileRef = 00EE2AD21CD0F5CE000C491A /* jhLoading@3x.gif */; };
		00EE2AF31CD0F5CE000C491A /* LCConfigHelper.m in Sources */ = {isa = PBXBuildFile; fileRef = 00EE2AD41CD0F5CE000C491A /* LCConfigHelper.m */; };
		00EE2AF41CD0F5CE000C491A /* LCHttpClient.m in Sources */ = {isa = PBXBuildFile; fileRef = 00EE2AD61CD0F5CE000C491A /* LCHttpClient.m */; };
		00EE2AF51CD0F5CE000C491A /* LCReachabilityManager.m in Sources */ = {isa = PBXBuildFile; fileRef = 00EE2AD81CD0F5CE000C491A /* LCReachabilityManager.m */; };
		00EE2AF61CD0F5CE000C491A /* LCRequestManager.m in Sources */ = {isa = PBXBuildFile; fileRef = 00EE2ADA1CD0F5CE000C491A /* LCRequestManager.m */; };
		00EE2AF71CD0F5CE000C491A /* LCRequsestBase.m in Sources */ = {isa = PBXBuildFile; fileRef = 00EE2ADC1CD0F5CE000C491A /* LCRequsestBase.m */; };
		00EE2AF81CD0F5CE000C491A /* LCResponse.m in Sources */ = {isa = PBXBuildFile; fileRef = 00EE2ADE1CD0F5CE000C491A /* LCResponse.m */; };
		00EE2AF91CD0F5CE000C491A /* loading@2x.gif in Resources */ = {isa = PBXBuildFile; fileRef = 00EE2ADF1CD0F5CE000C491A /* loading@2x.gif */; };
		00EE2AFA1CD0F5CE000C491A /* loading@3x.gif in Resources */ = {isa = PBXBuildFile; fileRef = 00EE2AE01CD0F5CE000C491A /* loading@3x.gif */; };
		00EE2AFB1CD0F5CE000C491A /* LCBaseReformer.m in Sources */ = {isa = PBXBuildFile; fileRef = 00EE2AE31CD0F5CE000C491A /* LCBaseReformer.m */; };
		00EE2AFC1CD0F5CE000C491A /* LCFakeDataParams.m in Sources */ = {isa = PBXBuildFile; fileRef = 00EE2AE51CD0F5CE000C491A /* LCFakeDataParams.m */; };
		00EE2B5B1CD0F787000C491A /* LCBaseModel.m in Sources */ = {isa = PBXBuildFile; fileRef = 00EE2B5A1CD0F787000C491A /* LCBaseModel.m */; };
		00EE2B7B1CD0F9AD000C491A /* LCGetAccessTokenReformer.m in Sources */ = {isa = PBXBuildFile; fileRef = 00EE2B761CD0F9AD000C491A /* LCGetAccessTokenReformer.m */; };
		00EE2B7C1CD0F9AD000C491A /* LCStatusesListReformer.m in Sources */ = {isa = PBXBuildFile; fileRef = 00EE2B781CD0F9AD000C491A /* LCStatusesListReformer.m */; };
		00EE2B7D1CD0F9AD000C491A /* LCUserInfoReformer.m in Sources */ = {isa = PBXBuildFile; fileRef = 00EE2B7A1CD0F9AD000C491A /* LCUserInfoReformer.m */; };
		00EE2B891CD0F9CA000C491A /* LCAccessTokenModel.m in Sources */ = {isa = PBXBuildFile; fileRef = 00EE2B801CD0F9CA000C491A /* LCAccessTokenModel.m */; };
		00EE2B8A1CD0F9CA000C491A /* LCResultStatusesModel.m in Sources */ = {isa = PBXBuildFile; fileRef = 00EE2B821CD0F9CA000C491A /* LCResultStatusesModel.m */; };
		00EE2B8B1CD0F9CA000C491A /* LCStatusesModel.m in Sources */ = {isa = PBXBuildFile; fileRef = 00EE2B841CD0F9CA000C491A /* LCStatusesModel.m */; };
		00EE2B8C1CD0F9CA000C491A /* LCStatusFrameModel.m in Sources */ = {isa = PBXBuildFile; fileRef = 00EE2B861CD0F9CA000C491A /* LCStatusFrameModel.m */; };
		00EE2B8D1CD0F9CA000C491A /* LCUserInfoModel.m in Sources */ = {isa = PBXBuildFile; fileRef = 00EE2B881CD0F9CA000C491A /* LCUserInfoModel.m */; };
		00EE2B931CD0FA3B000C491A /* LCPhotosView.m in Sources */ = {isa = PBXBuildFile; fileRef = 00EE2B921CD0FA3B000C491A /* LCPhotosView.m */; };
		00EE2B961CD0FA4D000C491A /* LCPicModel.m in Sources */ = {isa = PBXBuildFile; fileRef = 00EE2B951CD0FA4D000C491A /* LCPicModel.m */; };
		00EE2B991CD0FA5C000C491A /* LCPhtotoImageView.m in Sources */ = {isa = PBXBuildFile; fileRef = 00EE2B981CD0FA5C000C491A /* LCPhtotoImageView.m */; };
		00EE2B9F1CD0FB26000C491A /* LCBaseViewController.m in Sources */ = {isa = PBXBuildFile; fileRef = 00EE2B9E1CD0FB26000C491A /* LCBaseViewController.m */; };
		00EE2BA11CD0FC0E000C491A /* sinaMessage in Resources */ = {isa = PBXBuildFile; fileRef = 00EE2BA01CD0FC0E000C491A /* sinaMessage */; };
		00EE2BA41CD0FDE3000C491A /* LCHomeTableViewController.m in Sources */ = {isa = PBXBuildFile; fileRef = 00EE2BA31CD0FDE3000C491A /* LCHomeTableViewController.m */; };
		00EE2BAE1CD10127000C491A /* LCHearderIconView.m in Sources */ = {isa = PBXBuildFile; fileRef = 00EE2BAD1CD10127000C491A /* LCHearderIconView.m */; };
		00EE2BBA1CD105C3000C491A /* LCStatusCell.m in Sources */ = {isa = PBXBuildFile; fileRef = 00EE2BB91CD105C3000C491A /* LCStatusCell.m */; };
		00EE2BBD1CD108E8000C491A /* LCToolBar.m in Sources */ = {isa = PBXBuildFile; fileRef = 00EE2BBC1CD108E8000C491A /* LCToolBar.m */; };
		C119542B0785F490D788B3EF /* libPods.a in Frameworks */ = {isa = PBXBuildFile; fileRef = CFF72D5814A193FAB106E4F1 /* libPods.a */; };
/* End PBXBuildFile section */

/* Begin PBXContainerItemProxy section */
		0028473A1CC1D0BE00691204 /* PBXContainerItemProxy */ = {
			isa = PBXContainerItemProxy;
			containerPortal = 002847181CC1D0BE00691204 /* Project object */;
			proxyType = 1;
			remoteGlobalIDString = 0028471F1CC1D0BE00691204;
			remoteInfo = LCMogoWeiboDemo;
		};
		002847451CC1D0BE00691204 /* PBXContainerItemProxy */ = {
			isa = PBXContainerItemProxy;
			containerPortal = 002847181CC1D0BE00691204 /* Project object */;
			proxyType = 1;
			remoteGlobalIDString = 0028471F1CC1D0BE00691204;
			remoteInfo = LCMogoWeiboDemo;
		};
/* End PBXContainerItemProxy section */

/* Begin PBXFileReference section */
		002847201CC1D0BE00691204 /* LCMogoWeiboDemo.app */ = {isa = PBXFileReference; explicitFileType = wrapper.application; includeInIndex = 0; path = LCMogoWeiboDemo.app; sourceTree = BUILT_PRODUCTS_DIR; };
		002847241CC1D0BE00691204 /* main.m */ = {isa = PBXFileReference; lastKnownFileType = sourcecode.c.objc; path = main.m; sourceTree = "<group>"; };
		0028472F1CC1D0BE00691204 /* Assets.xcassets */ = {isa = PBXFileReference; lastKnownFileType = folder.assetcatalog; path = Assets.xcassets; sourceTree = "<group>"; };
		002847321CC1D0BE00691204 /* Base */ = {isa = PBXFileReference; lastKnownFileType = file.storyboard; name = Base; path = Base.lproj/LaunchScreen.storyboard; sourceTree = "<group>"; };
		002847341CC1D0BE00691204 /* Info.plist */ = {isa = PBXFileReference; lastKnownFileType = text.plist.xml; path = Info.plist; sourceTree = "<group>"; };
		002847391CC1D0BE00691204 /* LCMogoWeiboDemoTests.xctest */ = {isa = PBXFileReference; explicitFileType = wrapper.cfbundle; includeInIndex = 0; path = LCMogoWeiboDemoTests.xctest; sourceTree = BUILT_PRODUCTS_DIR; };
		0028473D1CC1D0BE00691204 /* LCMogoWeiboDemoTests.m */ = {isa = PBXFileReference; lastKnownFileType = sourcecode.c.objc; path = LCMogoWeiboDemoTests.m; sourceTree = "<group>"; };
		0028473F1CC1D0BE00691204 /* Info.plist */ = {isa = PBXFileReference; lastKnownFileType = text.plist.xml; path = Info.plist; sourceTree = "<group>"; };
		002847441CC1D0BE00691204 /* LCMogoWeiboDemoUITests.xctest */ = {isa = PBXFileReference; explicitFileType = wrapper.cfbundle; includeInIndex = 0; path = LCMogoWeiboDemoUITests.xctest; sourceTree = BUILT_PRODUCTS_DIR; };
		002847481CC1D0BE00691204 /* LCMogoWeiboDemoUITests.m */ = {isa = PBXFileReference; lastKnownFileType = sourcecode.c.objc; path = LCMogoWeiboDemoUITests.m; sourceTree = "<group>"; };
		0028474A1CC1D0BE00691204 /* Info.plist */ = {isa = PBXFileReference; lastKnownFileType = text.plist.xml; path = Info.plist; sourceTree = "<group>"; };
		002847571CC1D0FD00691204 /* AppDelegate.h */ = {isa = PBXFileReference; fileEncoding = 4; lastKnownFileType = sourcecode.c.h; path = AppDelegate.h; sourceTree = "<group>"; };
		002847581CC1D0FD00691204 /* AppDelegate.m */ = {isa = PBXFileReference; fileEncoding = 4; lastKnownFileType = sourcecode.c.objc; path = AppDelegate.m; sourceTree = "<group>"; };
		0028475C1CC1D0FD00691204 /* LCDiscorverTableViewController.h */ = {isa = PBXFileReference; fileEncoding = 4; lastKnownFileType = sourcecode.c.h; path = LCDiscorverTableViewController.h; sourceTree = "<group>"; };
		0028475D1CC1D0FD00691204 /* LCDiscorverTableViewController.m */ = {isa = PBXFileReference; fileEncoding = 4; lastKnownFileType = sourcecode.c.objc; path = LCDiscorverTableViewController.m; sourceTree = "<group>"; };
		002847681CC1D0FD00691204 /* LCMessageTableViewController.h */ = {isa = PBXFileReference; fileEncoding = 4; lastKnownFileType = sourcecode.c.h; path = LCMessageTableViewController.h; sourceTree = "<group>"; };
		002847691CC1D0FD00691204 /* LCMessageTableViewController.m */ = {isa = PBXFileReference; fileEncoding = 4; lastKnownFileType = sourcecode.c.objc; path = LCMessageTableViewController.m; sourceTree = "<group>"; };
		0028476E1CC1D0FD00691204 /* LCPostMessageViewController.h */ = {isa = PBXFileReference; fileEncoding = 4; lastKnownFileType = sourcecode.c.h; path = LCPostMessageViewController.h; sourceTree = "<group>"; };
		0028476F1CC1D0FD00691204 /* LCPostMessageViewController.m */ = {isa = PBXFileReference; fileEncoding = 4; lastKnownFileType = sourcecode.c.objc; path = LCPostMessageViewController.m; sourceTree = "<group>"; };
		002847701CC1D0FD00691204 /* LCPostMessageViewController.xib */ = {isa = PBXFileReference; fileEncoding = 4; lastKnownFileType = file.xib; path = LCPostMessageViewController.xib; sourceTree = "<group>"; };
		002847751CC1D0FD00691204 /* LCProfileTableViewController.h */ = {isa = PBXFileReference; fileEncoding = 4; lastKnownFileType = sourcecode.c.h; path = LCProfileTableViewController.h; sourceTree = "<group>"; };
		002847761CC1D0FD00691204 /* LCProfileTableViewController.m */ = {isa = PBXFileReference; fileEncoding = 4; lastKnownFileType = sourcecode.c.objc; path = LCProfileTableViewController.m; sourceTree = "<group>"; };
		0028477A1CC1D0FD00691204 /* LCMoGoWeiBoTabBarController.h */ = {isa = PBXFileReference; fileEncoding = 4; lastKnownFileType = sourcecode.c.h; path = LCMoGoWeiBoTabBarController.h; sourceTree = "<group>"; };
		0028477B1CC1D0FD00691204 /* LCMoGoWeiBoTabBarController.m */ = {isa = PBXFileReference; fileEncoding = 4; lastKnownFileType = sourcecode.c.objc; path = LCMoGoWeiBoTabBarController.m; sourceTree = "<group>"; };
		002847851CC1D10600691204 /* LCBaseTableViewController.h */ = {isa = PBXFileReference; fileEncoding = 4; lastKnownFileType = sourcecode.c.h; path = LCBaseTableViewController.h; sourceTree = "<group>"; };
		002847861CC1D10600691204 /* LCBaseTableViewController.m */ = {isa = PBXFileReference; fileEncoding = 4; lastKnownFileType = sourcecode.c.objc; path = LCBaseTableViewController.m; sourceTree = "<group>"; };
		002847891CC1D10600691204 /* LCNavgationController.h */ = {isa = PBXFileReference; fileEncoding = 4; lastKnownFileType = sourcecode.c.h; path = LCNavgationController.h; sourceTree = "<group>"; };
		0028478A1CC1D10600691204 /* LCNavgationController.m */ = {isa = PBXFileReference; fileEncoding = 4; lastKnownFileType = sourcecode.c.objc; path = LCNavgationController.m; sourceTree = "<group>"; };
		0028478B1CC1D10600691204 /* LCTabBar.h */ = {isa = PBXFileReference; fileEncoding = 4; lastKnownFileType = sourcecode.c.h; path = LCTabBar.h; sourceTree = "<group>"; };
		0028478C1CC1D10600691204 /* LCTabBar.m */ = {isa = PBXFileReference; fileEncoding = 4; lastKnownFileType = sourcecode.c.objc; path = LCTabBar.m; sourceTree = "<group>"; };
		0028478D1CC1D10600691204 /* LCTabBarController.h */ = {isa = PBXFileReference; fileEncoding = 4; lastKnownFileType = sourcecode.c.h; path = LCTabBarController.h; sourceTree = "<group>"; };
		0028478E1CC1D10600691204 /* LCTabBarController.m */ = {isa = PBXFileReference; fileEncoding = 4; lastKnownFileType = sourcecode.c.objc; path = LCTabBarController.m; sourceTree = "<group>"; };
		002847951CC1D1D500691204 /* LCTestViewController.h */ = {isa = PBXFileReference; fileEncoding = 4; lastKnownFileType = sourcecode.c.h; path = LCTestViewController.h; sourceTree = "<group>"; };
		002847961CC1D1D500691204 /* LCTestViewController.m */ = {isa = PBXFileReference; fileEncoding = 4; lastKnownFileType = sourcecode.c.objc; path = LCTestViewController.m; sourceTree = "<group>"; };
		002847971CC1D1D500691204 /* LCTestViewController.xib */ = {isa = PBXFileReference; fileEncoding = 4; lastKnownFileType = file.xib; path = LCTestViewController.xib; sourceTree = "<group>"; };
		00B83AFA1CC297C200B97B3C /* CatchCrash.h */ = {isa = PBXFileReference; fileEncoding = 4; lastKnownFileType = sourcecode.c.h; path = CatchCrash.h; sourceTree = "<group>"; };
		00B83AFB1CC297C200B97B3C /* CatchCrash.m */ = {isa = PBXFileReference; fileEncoding = 4; lastKnownFileType = sourcecode.c.objc; path = CatchCrash.m; sourceTree = "<group>"; };
		00B83AFD1CC2B3D700B97B3C /* LCManagerTool.h */ = {isa = PBXFileReference; fileEncoding = 4; lastKnownFileType = sourcecode.c.h; path = LCManagerTool.h; sourceTree = "<group>"; };
		00B83AFE1CC2B3D700B97B3C /* LCManagerTool.m */ = {isa = PBXFileReference; fileEncoding = 4; lastKnownFileType = sourcecode.c.objc; path = LCManagerTool.m; sourceTree = "<group>"; };
		00EE2A8F1CD0F4B3000C491A /* PrefixHeader.pch */ = {isa = PBXFileReference; fileEncoding = 4; lastKnownFileType = sourcecode.c.h; path = PrefixHeader.pch; sourceTree = "<group>"; };
		00EE2A911CD0F51B000C491A /* Foundation+Log.m */ = {isa = PBXFileReference; fileEncoding = 4; lastKnownFileType = sourcecode.c.objc; path = "Foundation+Log.m"; sourceTree = "<group>"; };
		00EE2A921CD0F51B000C491A /* NSDate+Extension.h */ = {isa = PBXFileReference; fileEncoding = 4; lastKnownFileType = sourcecode.c.h; path = "NSDate+Extension.h"; sourceTree = "<group>"; };
		00EE2A931CD0F51B000C491A /* NSDate+Extension.m */ = {isa = PBXFileReference; fileEncoding = 4; lastKnownFileType = sourcecode.c.objc; path = "NSDate+Extension.m"; sourceTree = "<group>"; };
		00EE2A941CD0F51B000C491A /* NSString+LengthInLabel.h */ = {isa = PBXFileReference; fileEncoding = 4; lastKnownFileType = sourcecode.c.h; path = "NSString+LengthInLabel.h"; sourceTree = "<group>"; };
		00EE2A951CD0F51B000C491A /* NSString+LengthInLabel.m */ = {isa = PBXFileReference; fileEncoding = 4; lastKnownFileType = sourcecode.c.objc; path = "NSString+LengthInLabel.m"; sourceTree = "<group>"; };
		00EE2A961CD0F51B000C491A /* UIBarButtonItem+Extension.h */ = {isa = PBXFileReference; fileEncoding = 4; lastKnownFileType = sourcecode.c.h; path = "UIBarButtonItem+Extension.h"; sourceTree = "<group>"; };
		00EE2A971CD0F51B000C491A /* UIBarButtonItem+Extension.m */ = {isa = PBXFileReference; fileEncoding = 4; lastKnownFileType = sourcecode.c.objc; path = "UIBarButtonItem+Extension.m"; sourceTree = "<group>"; };
		00EE2A981CD0F51B000C491A /* UIColor+Extension.h */ = {isa = PBXFileReference; fileEncoding = 4; lastKnownFileType = sourcecode.c.h; path = "UIColor+Extension.h"; sourceTree = "<group>"; };
		00EE2A991CD0F51B000C491A /* UIColor+Extension.m */ = {isa = PBXFileReference; fileEncoding = 4; lastKnownFileType = sourcecode.c.objc; path = "UIColor+Extension.m"; sourceTree = "<group>"; };
		00EE2A9A1CD0F51B000C491A /* UIScrollView+LCRefresh.h */ = {isa = PBXFileReference; fileEncoding = 4; lastKnownFileType = sourcecode.c.h; path = "UIScrollView+LCRefresh.h"; sourceTree = "<group>"; };
		00EE2A9B1CD0F51B000C491A /* UIScrollView+LCRefresh.m */ = {isa = PBXFileReference; fileEncoding = 4; lastKnownFileType = sourcecode.c.objc; path = "UIScrollView+LCRefresh.m"; sourceTree = "<group>"; };
		00EE2A9C1CD0F51B000C491A /* UIView+Extension.h */ = {isa = PBXFileReference; fileEncoding = 4; lastKnownFileType = sourcecode.c.h; path = "UIView+Extension.h"; sourceTree = "<group>"; };
		00EE2A9D1CD0F51B000C491A /* UIView+Extension.m */ = {isa = PBXFileReference; fileEncoding = 4; lastKnownFileType = sourcecode.c.objc; path = "UIView+Extension.m"; sourceTree = "<group>"; };
		00EE2AA61CD0F59E000C491A /* LCBaseUI.h */ = {isa = PBXFileReference; fileEncoding = 4; lastKnownFileType = sourcecode.c.h; path = LCBaseUI.h; sourceTree = "<group>"; };
		00EE2AA71CD0F59E000C491A /* LCLabel.h */ = {isa = PBXFileReference; fileEncoding = 4; lastKnownFileType = sourcecode.c.h; path = LCLabel.h; sourceTree = "<group>"; };
		00EE2AA81CD0F59E000C491A /* LCLabel.m */ = {isa = PBXFileReference; fileEncoding = 4; lastKnownFileType = sourcecode.c.objc; path = LCLabel.m; sourceTree = "<group>"; };
		00EE2AA91CD0F59E000C491A /* LCTableView.h */ = {isa = PBXFileReference; fileEncoding = 4; lastKnownFileType = sourcecode.c.h; path = LCTableView.h; sourceTree = "<group>"; };
		00EE2AAA1CD0F59E000C491A /* LCTableView.m */ = {isa = PBXFileReference; fileEncoding = 4; lastKnownFileType = sourcecode.c.objc; path = LCTableView.m; sourceTree = "<group>"; };
		00EE2AAB1CD0F59E000C491A /* LCTableViewCell.h */ = {isa = PBXFileReference; fileEncoding = 4; lastKnownFileType = sourcecode.c.h; path = LCTableViewCell.h; sourceTree = "<group>"; };
		00EE2AAC1CD0F59E000C491A /* LCTableViewCell.m */ = {isa = PBXFileReference; fileEncoding = 4; lastKnownFileType = sourcecode.c.objc; path = LCTableViewCell.m; sourceTree = "<group>"; };
		00EE2AAD1CD0F59E000C491A /* LCView.h */ = {isa = PBXFileReference; fileEncoding = 4; lastKnownFileType = sourcecode.c.h; path = LCView.h; sourceTree = "<group>"; };
		00EE2AAE1CD0F59E000C491A /* LCView.m */ = {isa = PBXFileReference; fileEncoding = 4; lastKnownFileType = sourcecode.c.objc; path = LCView.m; sourceTree = "<group>"; };
		00EE2AAF1CD0F59E000C491A /* LCView_LineMethodHeader.h */ = {isa = PBXFileReference; fileEncoding = 4; lastKnownFileType = sourcecode.c.h; path = LCView_LineMethodHeader.h; sourceTree = "<group>"; };
		00EE2AB01CD0F59E000C491A /* LCViewConfiguration.h */ = {isa = PBXFileReference; fileEncoding = 4; lastKnownFileType = sourcecode.c.h; path = LCViewConfiguration.h; sourceTree = "<group>"; };
		00EE2AB61CD0F5AF000C491A /* LCEnvironmentConfig.h */ = {isa = PBXFileReference; fileEncoding = 4; lastKnownFileType = sourcecode.c.h; path = LCEnvironmentConfig.h; sourceTree = "<group>"; };
		00EE2AB91CD0F5CE000C491A /* LCCacheConst.h */ = {isa = PBXFileReference; fileEncoding = 4; lastKnownFileType = sourcecode.c.h; path = LCCacheConst.h; sourceTree = "<group>"; };
		00EE2ABA1CD0F5CE000C491A /* LCDBConst.h */ = {isa = PBXFileReference; fileEncoding = 4; lastKnownFileType = sourcecode.c.h; path = LCDBConst.h; sourceTree = "<group>"; };
		00EE2ABB1CD0F5CE000C491A /* LCDBConst.m */ = {isa = PBXFileReference; fileEncoding = 4; lastKnownFileType = sourcecode.c.objc; path = LCDBConst.m; sourceTree = "<group>"; };
		00EE2ABC1CD0F5CE000C491A /* LCDBManager.h */ = {isa = PBXFileReference; fileEncoding = 4; lastKnownFileType = sourcecode.c.h; path = LCDBManager.h; sourceTree = "<group>"; };
		00EE2ABD1CD0F5CE000C491A /* LCDBManager.m */ = {isa = PBXFileReference; fileEncoding = 4; lastKnownFileType = sourcecode.c.objc; path = LCDBManager.m; sourceTree = "<group>"; };
		00EE2ABE1CD0F5CE000C491A /* LCDBTool.h */ = {isa = PBXFileReference; fileEncoding = 4; lastKnownFileType = sourcecode.c.h; path = LCDBTool.h; sourceTree = "<group>"; };
		00EE2ABF1CD0F5CE000C491A /* LCDBTool.m */ = {isa = PBXFileReference; fileEncoding = 4; lastKnownFileType = sourcecode.c.objc; path = LCDBTool.m; sourceTree = "<group>"; };
		00EE2AC01CD0F5CE000C491A /* LCURLCache.h */ = {isa = PBXFileReference; fileEncoding = 4; lastKnownFileType = sourcecode.c.h; path = LCURLCache.h; sourceTree = "<group>"; };
		00EE2AC11CD0F5CE000C491A /* LCURLCache.m */ = {isa = PBXFileReference; fileEncoding = 4; lastKnownFileType = sourcecode.c.objc; path = LCURLCache.m; sourceTree = "<group>"; };
		00EE2AC31CD0F5CE000C491A /* LCLoadFaildView.h */ = {isa = PBXFileReference; fileEncoding = 4; lastKnownFileType = sourcecode.c.h; path = LCLoadFaildView.h; sourceTree = "<group>"; };
		00EE2AC41CD0F5CE000C491A /* LCLoadFaildView.m */ = {isa = PBXFileReference; fileEncoding = 4; lastKnownFileType = sourcecode.c.objc; path = LCLoadFaildView.m; sourceTree = "<group>"; };
		00EE2AC51CD0F5CE000C491A /* LCNetworkCutView.h */ = {isa = PBXFileReference; fileEncoding = 4; lastKnownFileType = sourcecode.c.h; path = LCNetworkCutView.h; sourceTree = "<group>"; };
		00EE2AC61CD0F5CE000C491A /* LCNetworkCutView.m */ = {isa = PBXFileReference; fileEncoding = 4; lastKnownFileType = sourcecode.c.objc; path = LCNetworkCutView.m; sourceTree = "<group>"; };
		00EE2AC71CD0F5CE000C491A /* LCShowErrorViewTool.h */ = {isa = PBXFileReference; fileEncoding = 4; lastKnownFileType = sourcecode.c.h; path = LCShowErrorViewTool.h; sourceTree = "<group>"; };
		00EE2AC81CD0F5CE000C491A /* LCShowErrorViewTool.m */ = {isa = PBXFileReference; fileEncoding = 4; lastKnownFileType = sourcecode.c.objc; path = LCShowErrorViewTool.m; sourceTree = "<group>"; };
		00EE2ACA1CD0F5CE000C491A /* LCException.h */ = {isa = PBXFileReference; fileEncoding = 4; lastKnownFileType = sourcecode.c.h; path = LCException.h; sourceTree = "<group>"; };
		00EE2ACB1CD0F5CE000C491A /* LCException.m */ = {isa = PBXFileReference; fileEncoding = 4; lastKnownFileType = sourcecode.c.objc; path = LCException.m; sourceTree = "<group>"; };
		00EE2ACC1CD0F5CE000C491A /* LCExceptionConst.h */ = {isa = PBXFileReference; fileEncoding = 4; lastKnownFileType = sourcecode.c.h; path = LCExceptionConst.h; sourceTree = "<group>"; };
		00EE2ACD1CD0F5CE000C491A /* LCExceptionConst.m */ = {isa = PBXFileReference; fileEncoding = 4; lastKnownFileType = sourcecode.c.objc; path = LCExceptionConst.m; sourceTree = "<group>"; };
		00EE2ACF1CD0F5CE000C491A /* hardLoding@2x.gif */ = {isa = PBXFileReference; lastKnownFileType = image.gif; path = "hardLoding@2x.gif"; sourceTree = "<group>"; };
		00EE2AD01CD0F5CE000C491A /* hardLoding@3x.gif */ = {isa = PBXFileReference; lastKnownFileType = image.gif; path = "hardLoding@3x.gif"; sourceTree = "<group>"; };
		00EE2AD11CD0F5CE000C491A /* jhLoading@2x.gif */ = {isa = PBXFileReference; lastKnownFileType = image.gif; path = "jhLoading@2x.gif"; sourceTree = "<group>"; };
		00EE2AD21CD0F5CE000C491A /* jhLoading@3x.gif */ = {isa = PBXFileReference; lastKnownFileType = image.gif; path = "jhLoading@3x.gif"; sourceTree = "<group>"; };
		00EE2AD31CD0F5CE000C491A /* LCConfigHelper.h */ = {isa = PBXFileReference; fileEncoding = 4; lastKnownFileType = sourcecode.c.h; path = LCConfigHelper.h; sourceTree = "<group>"; };
		00EE2AD41CD0F5CE000C491A /* LCConfigHelper.m */ = {isa = PBXFileReference; fileEncoding = 4; lastKnownFileType = sourcecode.c.objc; path = LCConfigHelper.m; sourceTree = "<group>"; };
		00EE2AD51CD0F5CE000C491A /* LCHttpClient.h */ = {isa = PBXFileReference; fileEncoding = 4; lastKnownFileType = sourcecode.c.h; path = LCHttpClient.h; sourceTree = "<group>"; };
		00EE2AD61CD0F5CE000C491A /* LCHttpClient.m */ = {isa = PBXFileReference; fileEncoding = 4; lastKnownFileType = sourcecode.c.objc; path = LCHttpClient.m; sourceTree = "<group>"; };
		00EE2AD71CD0F5CE000C491A /* LCReachabilityManager.h */ = {isa = PBXFileReference; fileEncoding = 4; lastKnownFileType = sourcecode.c.h; path = LCReachabilityManager.h; sourceTree = "<group>"; };
		00EE2AD81CD0F5CE000C491A /* LCReachabilityManager.m */ = {isa = PBXFileReference; fileEncoding = 4; lastKnownFileType = sourcecode.c.objc; path = LCReachabilityManager.m; sourceTree = "<group>"; };
		00EE2AD91CD0F5CE000C491A /* LCRequestManager.h */ = {isa = PBXFileReference; fileEncoding = 4; lastKnownFileType = sourcecode.c.h; path = LCRequestManager.h; sourceTree = "<group>"; };
		00EE2ADA1CD0F5CE000C491A /* LCRequestManager.m */ = {isa = PBXFileReference; fileEncoding = 4; lastKnownFileType = sourcecode.c.objc; path = LCRequestManager.m; sourceTree = "<group>"; };
		00EE2ADB1CD0F5CE000C491A /* LCRequsestBase.h */ = {isa = PBXFileReference; fileEncoding = 4; lastKnownFileType = sourcecode.c.h; path = LCRequsestBase.h; sourceTree = "<group>"; };
		00EE2ADC1CD0F5CE000C491A /* LCRequsestBase.m */ = {isa = PBXFileReference; fileEncoding = 4; lastKnownFileType = sourcecode.c.objc; path = LCRequsestBase.m; sourceTree = "<group>"; };
		00EE2ADD1CD0F5CE000C491A /* LCResponse.h */ = {isa = PBXFileReference; fileEncoding = 4; lastKnownFileType = sourcecode.c.h; path = LCResponse.h; sourceTree = "<group>"; };
		00EE2ADE1CD0F5CE000C491A /* LCResponse.m */ = {isa = PBXFileReference; fileEncoding = 4; lastKnownFileType = sourcecode.c.objc; path = LCResponse.m; sourceTree = "<group>"; };
		00EE2ADF1CD0F5CE000C491A /* loading@2x.gif */ = {isa = PBXFileReference; lastKnownFileType = image.gif; path = "loading@2x.gif"; sourceTree = "<group>"; };
		00EE2AE01CD0F5CE000C491A /* loading@3x.gif */ = {isa = PBXFileReference; lastKnownFileType = image.gif; path = "loading@3x.gif"; sourceTree = "<group>"; };
		00EE2AE21CD0F5CE000C491A /* LCBaseReformer.h */ = {isa = PBXFileReference; fileEncoding = 4; lastKnownFileType = sourcecode.c.h; path = LCBaseReformer.h; sourceTree = "<group>"; };
		00EE2AE31CD0F5CE000C491A /* LCBaseReformer.m */ = {isa = PBXFileReference; fileEncoding = 4; lastKnownFileType = sourcecode.c.objc; path = LCBaseReformer.m; sourceTree = "<group>"; };
		00EE2AE41CD0F5CE000C491A /* LCFakeDataParams.h */ = {isa = PBXFileReference; fileEncoding = 4; lastKnownFileType = sourcecode.c.h; path = LCFakeDataParams.h; sourceTree = "<group>"; };
		00EE2AE51CD0F5CE000C491A /* LCFakeDataParams.m */ = {isa = PBXFileReference; fileEncoding = 4; lastKnownFileType = sourcecode.c.objc; path = LCFakeDataParams.m; sourceTree = "<group>"; };
		00EE2B591CD0F787000C491A /* LCBaseModel.h */ = {isa = PBXFileReference; fileEncoding = 4; lastKnownFileType = sourcecode.c.h; path = LCBaseModel.h; sourceTree = "<group>"; };
		00EE2B5A1CD0F787000C491A /* LCBaseModel.m */ = {isa = PBXFileReference; fileEncoding = 4; lastKnownFileType = sourcecode.c.objc; path = LCBaseModel.m; sourceTree = "<group>"; };
		00EE2B751CD0F9AD000C491A /* LCGetAccessTokenReformer.h */ = {isa = PBXFileReference; fileEncoding = 4; lastKnownFileType = sourcecode.c.h; path = LCGetAccessTokenReformer.h; sourceTree = "<group>"; };
		00EE2B761CD0F9AD000C491A /* LCGetAccessTokenReformer.m */ = {isa = PBXFileReference; fileEncoding = 4; lastKnownFileType = sourcecode.c.objc; path = LCGetAccessTokenReformer.m; sourceTree = "<group>"; };
		00EE2B771CD0F9AD000C491A /* LCStatusesListReformer.h */ = {isa = PBXFileReference; fileEncoding = 4; lastKnownFileType = sourcecode.c.h; path = LCStatusesListReformer.h; sourceTree = "<group>"; };
		00EE2B781CD0F9AD000C491A /* LCStatusesListReformer.m */ = {isa = PBXFileReference; fileEncoding = 4; lastKnownFileType = sourcecode.c.objc; path = LCStatusesListReformer.m; sourceTree = "<group>"; };
		00EE2B791CD0F9AD000C491A /* LCUserInfoReformer.h */ = {isa = PBXFileReference; fileEncoding = 4; lastKnownFileType = sourcecode.c.h; path = LCUserInfoReformer.h; sourceTree = "<group>"; };
		00EE2B7A1CD0F9AD000C491A /* LCUserInfoReformer.m */ = {isa = PBXFileReference; fileEncoding = 4; lastKnownFileType = sourcecode.c.objc; path = LCUserInfoReformer.m; sourceTree = "<group>"; };
		00EE2B7F1CD0F9CA000C491A /* LCAccessTokenModel.h */ = {isa = PBXFileReference; fileEncoding = 4; lastKnownFileType = sourcecode.c.h; path = LCAccessTokenModel.h; sourceTree = "<group>"; };
		00EE2B801CD0F9CA000C491A /* LCAccessTokenModel.m */ = {isa = PBXFileReference; fileEncoding = 4; lastKnownFileType = sourcecode.c.objc; path = LCAccessTokenModel.m; sourceTree = "<group>"; };
		00EE2B811CD0F9CA000C491A /* LCResultStatusesModel.h */ = {isa = PBXFileReference; fileEncoding = 4; lastKnownFileType = sourcecode.c.h; path = LCResultStatusesModel.h; sourceTree = "<group>"; };
		00EE2B821CD0F9CA000C491A /* LCResultStatusesModel.m */ = {isa = PBXFileReference; fileEncoding = 4; lastKnownFileType = sourcecode.c.objc; path = LCResultStatusesModel.m; sourceTree = "<group>"; };
		00EE2B831CD0F9CA000C491A /* LCStatusesModel.h */ = {isa = PBXFileReference; fileEncoding = 4; lastKnownFileType = sourcecode.c.h; path = LCStatusesModel.h; sourceTree = "<group>"; };
		00EE2B841CD0F9CA000C491A /* LCStatusesModel.m */ = {isa = PBXFileReference; fileEncoding = 4; lastKnownFileType = sourcecode.c.objc; path = LCStatusesModel.m; sourceTree = "<group>"; };
		00EE2B851CD0F9CA000C491A /* LCStatusFrameModel.h */ = {isa = PBXFileReference; fileEncoding = 4; lastKnownFileType = sourcecode.c.h; path = LCStatusFrameModel.h; sourceTree = "<group>"; };
		00EE2B861CD0F9CA000C491A /* LCStatusFrameModel.m */ = {isa = PBXFileReference; fileEncoding = 4; lastKnownFileType = sourcecode.c.objc; path = LCStatusFrameModel.m; sourceTree = "<group>"; };
		00EE2B871CD0F9CA000C491A /* LCUserInfoModel.h */ = {isa = PBXFileReference; fileEncoding = 4; lastKnownFileType = sourcecode.c.h; path = LCUserInfoModel.h; sourceTree = "<group>"; };
		00EE2B881CD0F9CA000C491A /* LCUserInfoModel.m */ = {isa = PBXFileReference; fileEncoding = 4; lastKnownFileType = sourcecode.c.objc; path = LCUserInfoModel.m; sourceTree = "<group>"; };
		00EE2B911CD0FA3B000C491A /* LCPhotosView.h */ = {isa = PBXFileReference; fileEncoding = 4; lastKnownFileType = sourcecode.c.h; path = LCPhotosView.h; sourceTree = "<group>"; };
		00EE2B921CD0FA3B000C491A /* LCPhotosView.m */ = {isa = PBXFileReference; fileEncoding = 4; lastKnownFileType = sourcecode.c.objc; path = LCPhotosView.m; sourceTree = "<group>"; };
		00EE2B941CD0FA4D000C491A /* LCPicModel.h */ = {isa = PBXFileReference; fileEncoding = 4; lastKnownFileType = sourcecode.c.h; path = LCPicModel.h; sourceTree = "<group>"; };
		00EE2B951CD0FA4D000C491A /* LCPicModel.m */ = {isa = PBXFileReference; fileEncoding = 4; lastKnownFileType = sourcecode.c.objc; path = LCPicModel.m; sourceTree = "<group>"; };
		00EE2B971CD0FA5C000C491A /* LCPhtotoImageView.h */ = {isa = PBXFileReference; fileEncoding = 4; lastKnownFileType = sourcecode.c.h; path = LCPhtotoImageView.h; sourceTree = "<group>"; };
		00EE2B981CD0FA5C000C491A /* LCPhtotoImageView.m */ = {isa = PBXFileReference; fileEncoding = 4; lastKnownFileType = sourcecode.c.objc; path = LCPhtotoImageView.m; sourceTree = "<group>"; };
		00EE2B9D1CD0FB26000C491A /* LCBaseViewController.h */ = {isa = PBXFileReference; fileEncoding = 4; lastKnownFileType = sourcecode.c.h; path = LCBaseViewController.h; sourceTree = "<group>"; };
		00EE2B9E1CD0FB26000C491A /* LCBaseViewController.m */ = {isa = PBXFileReference; fileEncoding = 4; lastKnownFileType = sourcecode.c.objc; path = LCBaseViewController.m; sourceTree = "<group>"; };
		00EE2BA01CD0FC0E000C491A /* sinaMessage */ = {isa = PBXFileReference; fileEncoding = 4; lastKnownFileType = text; path = sinaMessage; sourceTree = "<group>"; };
		00EE2BA21CD0FDE3000C491A /* LCHomeTableViewController.h */ = {isa = PBXFileReference; fileEncoding = 4; lastKnownFileType = sourcecode.c.h; path = LCHomeTableViewController.h; sourceTree = "<group>"; };
		00EE2BA31CD0FDE3000C491A /* LCHomeTableViewController.m */ = {isa = PBXFileReference; fileEncoding = 4; lastKnownFileType = sourcecode.c.objc; path = LCHomeTableViewController.m; sourceTree = "<group>"; };
		00EE2BAC1CD10127000C491A /* LCHearderIconView.h */ = {isa = PBXFileReference; fileEncoding = 4; lastKnownFileType = sourcecode.c.h; path = LCHearderIconView.h; sourceTree = "<group>"; };
		00EE2BAD1CD10127000C491A /* LCHearderIconView.m */ = {isa = PBXFileReference; fileEncoding = 4; lastKnownFileType = sourcecode.c.objc; path = LCHearderIconView.m; sourceTree = "<group>"; };
		00EE2BB81CD105C3000C491A /* LCStatusCell.h */ = {isa = PBXFileReference; fileEncoding = 4; lastKnownFileType = sourcecode.c.h; path = LCStatusCell.h; sourceTree = "<group>"; };
		00EE2BB91CD105C3000C491A /* LCStatusCell.m */ = {isa = PBXFileReference; fileEncoding = 4; lastKnownFileType = sourcecode.c.objc; path = LCStatusCell.m; sourceTree = "<group>"; };
		00EE2BBB1CD108E8000C491A /* LCToolBar.h */ = {isa = PBXFileReference; fileEncoding = 4; lastKnownFileType = sourcecode.c.h; path = LCToolBar.h; sourceTree = "<group>"; };
		00EE2BBC1CD108E8000C491A /* LCToolBar.m */ = {isa = PBXFileReference; fileEncoding = 4; lastKnownFileType = sourcecode.c.objc; path = LCToolBar.m; sourceTree = "<group>"; };
		40B33D2B361E085B98F24375 /* Pods.debug.xcconfig */ = {isa = PBXFileReference; includeInIndex = 1; lastKnownFileType = text.xcconfig; name = Pods.debug.xcconfig; path = "Pods/Target Support Files/Pods/Pods.debug.xcconfig"; sourceTree = "<group>"; };
		95949A388983EA0047060239 /* Pods.release.xcconfig */ = {isa = PBXFileReference; includeInIndex = 1; lastKnownFileType = text.xcconfig; name = Pods.release.xcconfig; path = "Pods/Target Support Files/Pods/Pods.release.xcconfig"; sourceTree = "<group>"; };
		CFF72D5814A193FAB106E4F1 /* libPods.a */ = {isa = PBXFileReference; explicitFileType = archive.ar; includeInIndex = 0; path = libPods.a; sourceTree = BUILT_PRODUCTS_DIR; };
/* End PBXFileReference section */

/* Begin PBXFrameworksBuildPhase section */
		0028471D1CC1D0BE00691204 /* Frameworks */ = {
			isa = PBXFrameworksBuildPhase;
			buildActionMask = 2147483647;
			files = (
				C119542B0785F490D788B3EF /* libPods.a in Frameworks */,
			);
			runOnlyForDeploymentPostprocessing = 0;
		};
		002847361CC1D0BE00691204 /* Frameworks */ = {
			isa = PBXFrameworksBuildPhase;
			buildActionMask = 2147483647;
			files = (
			);
			runOnlyForDeploymentPostprocessing = 0;
		};
		002847411CC1D0BE00691204 /* Frameworks */ = {
			isa = PBXFrameworksBuildPhase;
			buildActionMask = 2147483647;
			files = (
			);
			runOnlyForDeploymentPostprocessing = 0;
		};
/* End PBXFrameworksBuildPhase section */

/* Begin PBXGroup section */
		002847171CC1D0BE00691204 = {
			isa = PBXGroup;
			children = (
				002847221CC1D0BE00691204 /* LCMogoWeiboDemo */,
				0028473C1CC1D0BE00691204 /* LCMogoWeiboDemoTests */,
				002847471CC1D0BE00691204 /* LCMogoWeiboDemoUITests */,
				002847211CC1D0BE00691204 /* Products */,
				028A270F1BD5466E3CDF8395 /* Pods */,
				09684D8FD7633180C743A776 /* Frameworks */,
			);
			sourceTree = "<group>";
		};
		002847211CC1D0BE00691204 /* Products */ = {
			isa = PBXGroup;
			children = (
				002847201CC1D0BE00691204 /* LCMogoWeiboDemo.app */,
				002847391CC1D0BE00691204 /* LCMogoWeiboDemoTests.xctest */,
				002847441CC1D0BE00691204 /* LCMogoWeiboDemoUITests.xctest */,
			);
			name = Products;
			sourceTree = "<group>";
		};
		002847221CC1D0BE00691204 /* LCMogoWeiboDemo */ = {
			isa = PBXGroup;
			children = (
				00EE2AB71CD0F5CE000C491A /* Request */,
				00EE2AB51CD0F5AF000C491A /* Config */,
				00EE2AA51CD0F59E000C491A /* CustomUI */,
				00EE2A901CD0F51B000C491A /* Category */,
				002847841CC1D10600691204 /* Custom */,
				002847561CC1D0FD00691204 /* Class */,
				0028472F1CC1D0BE00691204 /* Assets.xcassets */,
				002847311CC1D0BE00691204 /* LaunchScreen.storyboard */,
				002847341CC1D0BE00691204 /* Info.plist */,
				002847231CC1D0BE00691204 /* Supporting Files */,
				002847951CC1D1D500691204 /* LCTestViewController.h */,
				002847961CC1D1D500691204 /* LCTestViewController.m */,
				002847971CC1D1D500691204 /* LCTestViewController.xib */,
			);
			path = LCMogoWeiboDemo;
			sourceTree = "<group>";
		};
		002847231CC1D0BE00691204 /* Supporting Files */ = {
			isa = PBXGroup;
			children = (
				002847241CC1D0BE00691204 /* main.m */,
				00EE2BA01CD0FC0E000C491A /* sinaMessage */,
			);
			name = "Supporting Files";
			sourceTree = "<group>";
		};
		0028473C1CC1D0BE00691204 /* LCMogoWeiboDemoTests */ = {
			isa = PBXGroup;
			children = (
				0028473D1CC1D0BE00691204 /* LCMogoWeiboDemoTests.m */,
				0028473F1CC1D0BE00691204 /* Info.plist */,
			);
			path = LCMogoWeiboDemoTests;
			sourceTree = "<group>";
		};
		002847471CC1D0BE00691204 /* LCMogoWeiboDemoUITests */ = {
			isa = PBXGroup;
			children = (
				002847481CC1D0BE00691204 /* LCMogoWeiboDemoUITests.m */,
				0028474A1CC1D0BE00691204 /* Info.plist */,
			);
			path = LCMogoWeiboDemoUITests;
			sourceTree = "<group>";
		};
		002847561CC1D0FD00691204 /* Class */ = {
			isa = PBXGroup;
			children = (
				00EE2A8F1CD0F4B3000C491A /* PrefixHeader.pch */,
				002847571CC1D0FD00691204 /* AppDelegate.h */,
				002847581CC1D0FD00691204 /* AppDelegate.m */,
				00B83AFD1CC2B3D700B97B3C /* LCManagerTool.h */,
				00B83AFE1CC2B3D700B97B3C /* LCManagerTool.m */,
				00EE2B591CD0F787000C491A /* LCBaseModel.h */,
				00EE2B5A1CD0F787000C491A /* LCBaseModel.m */,
				002847601CC1D0FD00691204 /* Home */,
				0028475A1CC1D0FD00691204 /* Discorvier */,
				002847661CC1D0FD00691204 /* Message */,
				0028476C1CC1D0FD00691204 /* PostMessage */,
				002847731CC1D0FD00691204 /* Profile */,
				002847791CC1D0FD00691204 /* TabBarVC */,
			);
			path = Class;
			sourceTree = "<group>";
		};
		0028475A1CC1D0FD00691204 /* Discorvier */ = {
			isa = PBXGroup;
			children = (
				0028475B1CC1D0FD00691204 /* Controllers */,
			);
			path = Discorvier;
			sourceTree = "<group>";
		};
		0028475B1CC1D0FD00691204 /* Controllers */ = {
			isa = PBXGroup;
			children = (
				0028475C1CC1D0FD00691204 /* LCDiscorverTableViewController.h */,
				0028475D1CC1D0FD00691204 /* LCDiscorverTableViewController.m */,
			);
			path = Controllers;
			sourceTree = "<group>";
		};
		002847601CC1D0FD00691204 /* Home */ = {
			isa = PBXGroup;
			children = (
				00EE2BA51CD0FDF9000C491A /* View */,
				00EE2B7E1CD0F9CA000C491A /* Model */,
				00EE2B741CD0F9AD000C491A /* Reformer */,
				002847611CC1D0FD00691204 /* Controllers */,
			);
			path = Home;
			sourceTree = "<group>";
		};
		002847611CC1D0FD00691204 /* Controllers */ = {
			isa = PBXGroup;
			children = (
				00EE2BA21CD0FDE3000C491A /* LCHomeTableViewController.h */,
				00EE2BA31CD0FDE3000C491A /* LCHomeTableViewController.m */,
			);
			path = Controllers;
			sourceTree = "<group>";
		};
		002847661CC1D0FD00691204 /* Message */ = {
			isa = PBXGroup;
			children = (
				002847671CC1D0FD00691204 /* Controllers */,
				0028476A1CC1D0FD00691204 /* Model */,
				0028476B1CC1D0FD00691204 /* View */,
			);
			path = Message;
			sourceTree = "<group>";
		};
		002847671CC1D0FD00691204 /* Controllers */ = {
			isa = PBXGroup;
			children = (
				002847681CC1D0FD00691204 /* LCMessageTableViewController.h */,
				002847691CC1D0FD00691204 /* LCMessageTableViewController.m */,
			);
			path = Controllers;
			sourceTree = "<group>";
		};
		0028476A1CC1D0FD00691204 /* Model */ = {
			isa = PBXGroup;
			children = (
			);
			path = Model;
			sourceTree = "<group>";
		};
		0028476B1CC1D0FD00691204 /* View */ = {
			isa = PBXGroup;
			children = (
			);
			path = View;
			sourceTree = "<group>";
		};
		0028476C1CC1D0FD00691204 /* PostMessage */ = {
			isa = PBXGroup;
			children = (
				0028476D1CC1D0FD00691204 /* Controllers */,
				002847711CC1D0FD00691204 /* Model */,
				002847721CC1D0FD00691204 /* View */,
			);
			path = PostMessage;
			sourceTree = "<group>";
		};
		0028476D1CC1D0FD00691204 /* Controllers */ = {
			isa = PBXGroup;
			children = (
				0028476E1CC1D0FD00691204 /* LCPostMessageViewController.h */,
				0028476F1CC1D0FD00691204 /* LCPostMessageViewController.m */,
				002847701CC1D0FD00691204 /* LCPostMessageViewController.xib */,
			);
			path = Controllers;
			sourceTree = "<group>";
		};
		002847711CC1D0FD00691204 /* Model */ = {
			isa = PBXGroup;
			children = (
			);
			path = Model;
			sourceTree = "<group>";
		};
		002847721CC1D0FD00691204 /* View */ = {
			isa = PBXGroup;
			children = (
			);
			path = View;
			sourceTree = "<group>";
		};
		002847731CC1D0FD00691204 /* Profile */ = {
			isa = PBXGroup;
			children = (
				002847741CC1D0FD00691204 /* Controllers */,
				002847771CC1D0FD00691204 /* Model */,
				002847781CC1D0FD00691204 /* View */,
			);
			path = Profile;
			sourceTree = "<group>";
		};
		002847741CC1D0FD00691204 /* Controllers */ = {
			isa = PBXGroup;
			children = (
				002847751CC1D0FD00691204 /* LCProfileTableViewController.h */,
				002847761CC1D0FD00691204 /* LCProfileTableViewController.m */,
			);
			path = Controllers;
			sourceTree = "<group>";
		};
		002847771CC1D0FD00691204 /* Model */ = {
			isa = PBXGroup;
			children = (
			);
			path = Model;
			sourceTree = "<group>";
		};
		002847781CC1D0FD00691204 /* View */ = {
			isa = PBXGroup;
			children = (
			);
			path = View;
			sourceTree = "<group>";
		};
		002847791CC1D0FD00691204 /* TabBarVC */ = {
			isa = PBXGroup;
			children = (
				0028477A1CC1D0FD00691204 /* LCMoGoWeiBoTabBarController.h */,
				0028477B1CC1D0FD00691204 /* LCMoGoWeiBoTabBarController.m */,
			);
			path = TabBarVC;
			sourceTree = "<group>";
		};
		002847841CC1D10600691204 /* Custom */ = {
			isa = PBXGroup;
			children = (
				00B83AFA1CC297C200B97B3C /* CatchCrash.h */,
				00B83AFB1CC297C200B97B3C /* CatchCrash.m */,
				002847851CC1D10600691204 /* LCBaseTableViewController.h */,
				002847861CC1D10600691204 /* LCBaseTableViewController.m */,
				00EE2B9D1CD0FB26000C491A /* LCBaseViewController.h */,
				00EE2B9E1CD0FB26000C491A /* LCBaseViewController.m */,
				002847891CC1D10600691204 /* LCNavgationController.h */,
				0028478A1CC1D10600691204 /* LCNavgationController.m */,
				0028478B1CC1D10600691204 /* LCTabBar.h */,
				0028478C1CC1D10600691204 /* LCTabBar.m */,
				0028478D1CC1D10600691204 /* LCTabBarController.h */,
				0028478E1CC1D10600691204 /* LCTabBarController.m */,
				00EE2BBB1CD108E8000C491A /* LCToolBar.h */,
				00EE2BBC1CD108E8000C491A /* LCToolBar.m */,
				00EE2BAC1CD10127000C491A /* LCHearderIconView.h */,
				00EE2BAD1CD10127000C491A /* LCHearderIconView.m */,
				00EE2B911CD0FA3B000C491A /* LCPhotosView.h */,
				00EE2B921CD0FA3B000C491A /* LCPhotosView.m */,
				00EE2B941CD0FA4D000C491A /* LCPicModel.h */,
				00EE2B951CD0FA4D000C491A /* LCPicModel.m */,
				00EE2B971CD0FA5C000C491A /* LCPhtotoImageView.h */,
				00EE2B981CD0FA5C000C491A /* LCPhtotoImageView.m */,
			);
			path = Custom;
			sourceTree = "<group>";
		};
		00EE2A901CD0F51B000C491A /* Category */ = {
			isa = PBXGroup;
			children = (
				00EE2A911CD0F51B000C491A /* Foundation+Log.m */,
				00EE2A921CD0F51B000C491A /* NSDate+Extension.h */,
				00EE2A931CD0F51B000C491A /* NSDate+Extension.m */,
				00EE2A941CD0F51B000C491A /* NSString+LengthInLabel.h */,
				00EE2A951CD0F51B000C491A /* NSString+LengthInLabel.m */,
				00EE2A961CD0F51B000C491A /* UIBarButtonItem+Extension.h */,
				00EE2A971CD0F51B000C491A /* UIBarButtonItem+Extension.m */,
				00EE2A981CD0F51B000C491A /* UIColor+Extension.h */,
				00EE2A991CD0F51B000C491A /* UIColor+Extension.m */,
				00EE2A9A1CD0F51B000C491A /* UIScrollView+LCRefresh.h */,
				00EE2A9B1CD0F51B000C491A /* UIScrollView+LCRefresh.m */,
				00EE2A9C1CD0F51B000C491A /* UIView+Extension.h */,
				00EE2A9D1CD0F51B000C491A /* UIView+Extension.m */,
			);
			path = Category;
			sourceTree = "<group>";
		};
		00EE2AA51CD0F59E000C491A /* CustomUI */ = {
			isa = PBXGroup;
			children = (
				00EE2AA61CD0F59E000C491A /* LCBaseUI.h */,
				00EE2AA71CD0F59E000C491A /* LCLabel.h */,
				00EE2AA81CD0F59E000C491A /* LCLabel.m */,
				00EE2AA91CD0F59E000C491A /* LCTableView.h */,
				00EE2AAA1CD0F59E000C491A /* LCTableView.m */,
				00EE2AAB1CD0F59E000C491A /* LCTableViewCell.h */,
				00EE2AAC1CD0F59E000C491A /* LCTableViewCell.m */,
				00EE2AAD1CD0F59E000C491A /* LCView.h */,
				00EE2AAE1CD0F59E000C491A /* LCView.m */,
				00EE2AAF1CD0F59E000C491A /* LCView_LineMethodHeader.h */,
				00EE2AB01CD0F59E000C491A /* LCViewConfiguration.h */,
			);
			path = CustomUI;
			sourceTree = "<group>";
		};
		00EE2AB51CD0F5AF000C491A /* Config */ = {
			isa = PBXGroup;
			children = (
				00EE2AB61CD0F5AF000C491A /* LCEnvironmentConfig.h */,
			);
			path = Config;
			sourceTree = "<group>";
		};
		00EE2AB71CD0F5CE000C491A /* Request */ = {
			isa = PBXGroup;
			children = (
				00EE2AB81CD0F5CE000C491A /* LCCache */,
				00EE2AC21CD0F5CE000C491A /* LCErrorView */,
				00EE2AC91CD0F5CE000C491A /* LCException */,
				00EE2ACE1CD0F5CE000C491A /* LCNetwork */,
				00EE2AE11CD0F5CE000C491A /* LCReformer */,
			);
			path = Request;
			sourceTree = "<group>";
		};
		00EE2AB81CD0F5CE000C491A /* LCCache */ = {
			isa = PBXGroup;
			children = (
				00EE2AB91CD0F5CE000C491A /* LCCacheConst.h */,
				00EE2ABA1CD0F5CE000C491A /* LCDBConst.h */,
				00EE2ABB1CD0F5CE000C491A /* LCDBConst.m */,
				00EE2ABC1CD0F5CE000C491A /* LCDBManager.h */,
				00EE2ABD1CD0F5CE000C491A /* LCDBManager.m */,
				00EE2ABE1CD0F5CE000C491A /* LCDBTool.h */,
				00EE2ABF1CD0F5CE000C491A /* LCDBTool.m */,
				00EE2AC01CD0F5CE000C491A /* LCURLCache.h */,
				00EE2AC11CD0F5CE000C491A /* LCURLCache.m */,
			);
			path = LCCache;
			sourceTree = "<group>";
		};
		00EE2AC21CD0F5CE000C491A /* LCErrorView */ = {
			isa = PBXGroup;
			children = (
				00EE2AC31CD0F5CE000C491A /* LCLoadFaildView.h */,
				00EE2AC41CD0F5CE000C491A /* LCLoadFaildView.m */,
				00EE2AC51CD0F5CE000C491A /* LCNetworkCutView.h */,
				00EE2AC61CD0F5CE000C491A /* LCNetworkCutView.m */,
				00EE2AC71CD0F5CE000C491A /* LCShowErrorViewTool.h */,
				00EE2AC81CD0F5CE000C491A /* LCShowErrorViewTool.m */,
			);
			path = LCErrorView;
			sourceTree = "<group>";
		};
		00EE2AC91CD0F5CE000C491A /* LCException */ = {
			isa = PBXGroup;
			children = (
				00EE2ACA1CD0F5CE000C491A /* LCException.h */,
				00EE2ACB1CD0F5CE000C491A /* LCException.m */,
				00EE2ACC1CD0F5CE000C491A /* LCExceptionConst.h */,
				00EE2ACD1CD0F5CE000C491A /* LCExceptionConst.m */,
			);
			path = LCException;
			sourceTree = "<group>";
		};
		00EE2ACE1CD0F5CE000C491A /* LCNetwork */ = {
			isa = PBXGroup;
			children = (
				00EE2ACF1CD0F5CE000C491A /* hardLoding@2x.gif */,
				00EE2AD01CD0F5CE000C491A /* hardLoding@3x.gif */,
				00EE2AD11CD0F5CE000C491A /* jhLoading@2x.gif */,
				00EE2AD21CD0F5CE000C491A /* jhLoading@3x.gif */,
				00EE2AD31CD0F5CE000C491A /* LCConfigHelper.h */,
				00EE2AD41CD0F5CE000C491A /* LCConfigHelper.m */,
				00EE2AD51CD0F5CE000C491A /* LCHttpClient.h */,
				00EE2AD61CD0F5CE000C491A /* LCHttpClient.m */,
				00EE2AD71CD0F5CE000C491A /* LCReachabilityManager.h */,
				00EE2AD81CD0F5CE000C491A /* LCReachabilityManager.m */,
				00EE2AD91CD0F5CE000C491A /* LCRequestManager.h */,
				00EE2ADA1CD0F5CE000C491A /* LCRequestManager.m */,
				00EE2ADB1CD0F5CE000C491A /* LCRequsestBase.h */,
				00EE2ADC1CD0F5CE000C491A /* LCRequsestBase.m */,
				00EE2ADD1CD0F5CE000C491A /* LCResponse.h */,
				00EE2ADE1CD0F5CE000C491A /* LCResponse.m */,
				00EE2ADF1CD0F5CE000C491A /* loading@2x.gif */,
				00EE2AE01CD0F5CE000C491A /* loading@3x.gif */,
			);
			path = LCNetwork;
			sourceTree = "<group>";
		};
		00EE2AE11CD0F5CE000C491A /* LCReformer */ = {
			isa = PBXGroup;
			children = (
				00EE2AE21CD0F5CE000C491A /* LCBaseReformer.h */,
				00EE2AE31CD0F5CE000C491A /* LCBaseReformer.m */,
				00EE2AE41CD0F5CE000C491A /* LCFakeDataParams.h */,
				00EE2AE51CD0F5CE000C491A /* LCFakeDataParams.m */,
			);
			path = LCReformer;
			sourceTree = "<group>";
		};
		00EE2B741CD0F9AD000C491A /* Reformer */ = {
			isa = PBXGroup;
			children = (
				00EE2B751CD0F9AD000C491A /* LCGetAccessTokenReformer.h */,
				00EE2B761CD0F9AD000C491A /* LCGetAccessTokenReformer.m */,
				00EE2B771CD0F9AD000C491A /* LCStatusesListReformer.h */,
				00EE2B781CD0F9AD000C491A /* LCStatusesListReformer.m */,
				00EE2B791CD0F9AD000C491A /* LCUserInfoReformer.h */,
				00EE2B7A1CD0F9AD000C491A /* LCUserInfoReformer.m */,
			);
			path = Reformer;
			sourceTree = "<group>";
		};
		00EE2B7E1CD0F9CA000C491A /* Model */ = {
			isa = PBXGroup;
			children = (
				00EE2B7F1CD0F9CA000C491A /* LCAccessTokenModel.h */,
				00EE2B801CD0F9CA000C491A /* LCAccessTokenModel.m */,
				00EE2B811CD0F9CA000C491A /* LCResultStatusesModel.h */,
				00EE2B821CD0F9CA000C491A /* LCResultStatusesModel.m */,
				00EE2B831CD0F9CA000C491A /* LCStatusesModel.h */,
				00EE2B841CD0F9CA000C491A /* LCStatusesModel.m */,
				00EE2B851CD0F9CA000C491A /* LCStatusFrameModel.h */,
				00EE2B861CD0F9CA000C491A /* LCStatusFrameModel.m */,
				00EE2B871CD0F9CA000C491A /* LCUserInfoModel.h */,
				00EE2B881CD0F9CA000C491A /* LCUserInfoModel.m */,
			);
			path = Model;
			sourceTree = "<group>";
		};
		00EE2BA51CD0FDF9000C491A /* View */ = {
			isa = PBXGroup;
			children = (
				00EE2BB81CD105C3000C491A /* LCStatusCell.h */,
				00EE2BB91CD105C3000C491A /* LCStatusCell.m */,
			);
			path = View;
			sourceTree = "<group>";
		};
		028A270F1BD5466E3CDF8395 /* Pods */ = {
			isa = PBXGroup;
			children = (
				40B33D2B361E085B98F24375 /* Pods.debug.xcconfig */,
				95949A388983EA0047060239 /* Pods.release.xcconfig */,
			);
			name = Pods;
			sourceTree = "<group>";
		};
		09684D8FD7633180C743A776 /* Frameworks */ = {
			isa = PBXGroup;
			children = (
				CFF72D5814A193FAB106E4F1 /* libPods.a */,
			);
			name = Frameworks;
			sourceTree = "<group>";
		};
/* End PBXGroup section */

/* Begin PBXNativeTarget section */
		0028471F1CC1D0BE00691204 /* LCMogoWeiboDemo */ = {
			isa = PBXNativeTarget;
			buildConfigurationList = 0028474D1CC1D0BE00691204 /* Build configuration list for PBXNativeTarget "LCMogoWeiboDemo" */;
			buildPhases = (
				01E93BD8F4140437242F9C8B /* Check Pods Manifest.lock */,
				0028471C1CC1D0BE00691204 /* Sources */,
				0028471D1CC1D0BE00691204 /* Frameworks */,
				0028471E1CC1D0BE00691204 /* Resources */,
				8FF1EF38D0AE21C46F4E4F73 /* Embed Pods Frameworks */,
				6AAC03C56D092C74DE111508 /* Copy Pods Resources */,
			);
			buildRules = (
			);
			dependencies = (
			);
			name = LCMogoWeiboDemo;
			productName = LCMogoWeiboDemo;
			productReference = 002847201CC1D0BE00691204 /* LCMogoWeiboDemo.app */;
			productType = "com.apple.product-type.application";
		};
		002847381CC1D0BE00691204 /* LCMogoWeiboDemoTests */ = {
			isa = PBXNativeTarget;
			buildConfigurationList = 002847501CC1D0BE00691204 /* Build configuration list for PBXNativeTarget "LCMogoWeiboDemoTests" */;
			buildPhases = (
				002847351CC1D0BE00691204 /* Sources */,
				002847361CC1D0BE00691204 /* Frameworks */,
				002847371CC1D0BE00691204 /* Resources */,
			);
			buildRules = (
			);
			dependencies = (
				0028473B1CC1D0BE00691204 /* PBXTargetDependency */,
			);
			name = LCMogoWeiboDemoTests;
			productName = LCMogoWeiboDemoTests;
			productReference = 002847391CC1D0BE00691204 /* LCMogoWeiboDemoTests.xctest */;
			productType = "com.apple.product-type.bundle.unit-test";
		};
		002847431CC1D0BE00691204 /* LCMogoWeiboDemoUITests */ = {
			isa = PBXNativeTarget;
			buildConfigurationList = 002847531CC1D0BE00691204 /* Build configuration list for PBXNativeTarget "LCMogoWeiboDemoUITests" */;
			buildPhases = (
				002847401CC1D0BE00691204 /* Sources */,
				002847411CC1D0BE00691204 /* Frameworks */,
				002847421CC1D0BE00691204 /* Resources */,
			);
			buildRules = (
			);
			dependencies = (
				002847461CC1D0BE00691204 /* PBXTargetDependency */,
			);
			name = LCMogoWeiboDemoUITests;
			productName = LCMogoWeiboDemoUITests;
			productReference = 002847441CC1D0BE00691204 /* LCMogoWeiboDemoUITests.xctest */;
			productType = "com.apple.product-type.bundle.ui-testing";
		};
/* End PBXNativeTarget section */

/* Begin PBXProject section */
		002847181CC1D0BE00691204 /* Project object */ = {
			isa = PBXProject;
			attributes = {
				LastUpgradeCheck = 0720;
				ORGANIZATIONNAME = "李策";
				TargetAttributes = {
					0028471F1CC1D0BE00691204 = {
						CreatedOnToolsVersion = 7.2;
						DevelopmentTeam = 8LVWFN8LU3;
					};
					002847381CC1D0BE00691204 = {
						CreatedOnToolsVersion = 7.2;
						DevelopmentTeam = 8LVWFN8LU3;
						TestTargetID = 0028471F1CC1D0BE00691204;
					};
					002847431CC1D0BE00691204 = {
						CreatedOnToolsVersion = 7.2;
						DevelopmentTeam = 8LVWFN8LU3;
						TestTargetID = 0028471F1CC1D0BE00691204;
					};
				};
			};
			buildConfigurationList = 0028471B1CC1D0BE00691204 /* Build configuration list for PBXProject "LCMogoWeiboDemo" */;
			compatibilityVersion = "Xcode 3.2";
			developmentRegion = English;
			hasScannedForEncodings = 0;
			knownRegions = (
				en,
				Base,
			);
			mainGroup = 002847171CC1D0BE00691204;
			productRefGroup = 002847211CC1D0BE00691204 /* Products */;
			projectDirPath = "";
			projectRoot = "";
			targets = (
				0028471F1CC1D0BE00691204 /* LCMogoWeiboDemo */,
				002847381CC1D0BE00691204 /* LCMogoWeiboDemoTests */,
				002847431CC1D0BE00691204 /* LCMogoWeiboDemoUITests */,
			);
		};
/* End PBXProject section */

/* Begin PBXResourcesBuildPhase section */
		0028471E1CC1D0BE00691204 /* Resources */ = {
			isa = PBXResourcesBuildPhase;
			buildActionMask = 2147483647;
			files = (
				00EE2AF11CD0F5CE000C491A /* jhLoading@2x.gif in Resources */,
				002847811CC1D0FD00691204 /* LCPostMessageViewController.xib in Resources */,
				002847331CC1D0BE00691204 /* LaunchScreen.storyboard in Resources */,
				00EE2AFA1CD0F5CE000C491A /* loading@3x.gif in Resources */,
				00EE2AF01CD0F5CE000C491A /* hardLoding@3x.gif in Resources */,
				002847301CC1D0BE00691204 /* Assets.xcassets in Resources */,
				00EE2AF91CD0F5CE000C491A /* loading@2x.gif in Resources */,
				002847991CC1D1D500691204 /* LCTestViewController.xib in Resources */,
				00EE2AEF1CD0F5CE000C491A /* hardLoding@2x.gif in Resources */,
				00EE2BA11CD0FC0E000C491A /* sinaMessage in Resources */,
				00EE2AF21CD0F5CE000C491A /* jhLoading@3x.gif in Resources */,
			);
			runOnlyForDeploymentPostprocessing = 0;
		};
		002847371CC1D0BE00691204 /* Resources */ = {
			isa = PBXResourcesBuildPhase;
			buildActionMask = 2147483647;
			files = (
			);
			runOnlyForDeploymentPostprocessing = 0;
		};
		002847421CC1D0BE00691204 /* Resources */ = {
			isa = PBXResourcesBuildPhase;
			buildActionMask = 2147483647;
			files = (
			);
			runOnlyForDeploymentPostprocessing = 0;
		};
/* End PBXResourcesBuildPhase section */

/* Begin PBXShellScriptBuildPhase section */
		01E93BD8F4140437242F9C8B /* Check Pods Manifest.lock */ = {
			isa = PBXShellScriptBuildPhase;
			buildActionMask = 2147483647;
			files = (
			);
			inputPaths = (
			);
			name = "Check Pods Manifest.lock";
			outputPaths = (
			);
			runOnlyForDeploymentPostprocessing = 0;
			shellPath = /bin/sh;
			shellScript = "diff \"${PODS_ROOT}/../Podfile.lock\" \"${PODS_ROOT}/Manifest.lock\" > /dev/null\nif [[ $? != 0 ]] ; then\n    cat << EOM\nerror: The sandbox is not in sync with the Podfile.lock. Run 'pod install' or update your CocoaPods installation.\nEOM\n    exit 1\nfi\n";
			showEnvVarsInLog = 0;
		};
		6AAC03C56D092C74DE111508 /* Copy Pods Resources */ = {
			isa = PBXShellScriptBuildPhase;
			buildActionMask = 2147483647;
			files = (
			);
			inputPaths = (
			);
			name = "Copy Pods Resources";
			outputPaths = (
			);
			runOnlyForDeploymentPostprocessing = 0;
			shellPath = /bin/sh;
			shellScript = "\"${SRCROOT}/Pods/Target Support Files/Pods/Pods-resources.sh\"\n";
			showEnvVarsInLog = 0;
		};
		8FF1EF38D0AE21C46F4E4F73 /* Embed Pods Frameworks */ = {
			isa = PBXShellScriptBuildPhase;
			buildActionMask = 2147483647;
			files = (
			);
			inputPaths = (
			);
			name = "Embed Pods Frameworks";
			outputPaths = (
			);
			runOnlyForDeploymentPostprocessing = 0;
			shellPath = /bin/sh;
			shellScript = "\"${SRCROOT}/Pods/Target Support Files/Pods/Pods-frameworks.sh\"\n";
			showEnvVarsInLog = 0;
		};
/* End PBXShellScriptBuildPhase section */

/* Begin PBXSourcesBuildPhase section */
		0028471C1CC1D0BE00691204 /* Sources */ = {
			isa = PBXSourcesBuildPhase;
			buildActionMask = 2147483647;
			files = (
				00EE2AA31CD0F51B000C491A /* UIScrollView+LCRefresh.m in Sources */,
				00EE2AE71CD0F5CE000C491A /* LCDBManager.m in Sources */,
				00EE2AE91CD0F5CE000C491A /* LCURLCache.m in Sources */,
				00EE2B931CD0FA3B000C491A /* LCPhotosView.m in Sources */,
				00EE2AF71CD0F5CE000C491A /* LCRequsestBase.m in Sources */,
				00EE2AE61CD0F5CE000C491A /* LCDBConst.m in Sources */,
				00EE2AED1CD0F5CE000C491A /* LCException.m in Sources */,
				00EE2B8A1CD0F9CA000C491A /* LCResultStatusesModel.m in Sources */,
				0028477C1CC1D0FD00691204 /* AppDelegate.m in Sources */,
				00EE2B7B1CD0F9AD000C491A /* LCGetAccessTokenReformer.m in Sources */,
				00EE2AF61CD0F5CE000C491A /* LCRequestManager.m in Sources */,
				00EE2B961CD0FA4D000C491A /* LCPicModel.m in Sources */,
				00EE2AB31CD0F59E000C491A /* LCTableViewCell.m in Sources */,
				00EE2AB21CD0F59E000C491A /* LCTableView.m in Sources */,
				002847981CC1D1D500691204 /* LCTestViewController.m in Sources */,
				00EE2AF41CD0F5CE000C491A /* LCHttpClient.m in Sources */,
				00EE2BBA1CD105C3000C491A /* LCStatusCell.m in Sources */,
				00EE2B8D1CD0F9CA000C491A /* LCUserInfoModel.m in Sources */,
				00EE2AA11CD0F51B000C491A /* UIBarButtonItem+Extension.m in Sources */,
				00EE2B9F1CD0FB26000C491A /* LCBaseViewController.m in Sources */,
				002847251CC1D0BE00691204 /* main.m in Sources */,
				002847801CC1D0FD00691204 /* LCPostMessageViewController.m in Sources */,
				00EE2A9E1CD0F51B000C491A /* Foundation+Log.m in Sources */,
				00EE2B5B1CD0F787000C491A /* LCBaseModel.m in Sources */,
				0028477F1CC1D0FD00691204 /* LCMessageTableViewController.m in Sources */,
				00EE2A9F1CD0F51B000C491A /* NSDate+Extension.m in Sources */,
				00EE2AA21CD0F51B000C491A /* UIColor+Extension.m in Sources */,
				00EE2B7C1CD0F9AD000C491A /* LCStatusesListReformer.m in Sources */,
				0028477D1CC1D0FD00691204 /* LCDiscorverTableViewController.m in Sources */,
				00EE2B8C1CD0F9CA000C491A /* LCStatusFrameModel.m in Sources */,
				00EE2B891CD0F9CA000C491A /* LCAccessTokenModel.m in Sources */,
				0028478F1CC1D10600691204 /* LCBaseTableViewController.m in Sources */,
				00EE2AE81CD0F5CE000C491A /* LCDBTool.m in Sources */,
				00EE2B7D1CD0F9AD000C491A /* LCUserInfoReformer.m in Sources */,
				00EE2B8B1CD0F9CA000C491A /* LCStatusesModel.m in Sources */,
				002847921CC1D10600691204 /* LCTabBar.m in Sources */,
				00EE2BBD1CD108E8000C491A /* LCToolBar.m in Sources */,
				00EE2AEE1CD0F5CE000C491A /* LCExceptionConst.m in Sources */,
				00EE2AF31CD0F5CE000C491A /* LCConfigHelper.m in Sources */,
				002847821CC1D0FD00691204 /* LCProfileTableViewController.m in Sources */,
				00EE2AEA1CD0F5CE000C491A /* LCLoadFaildView.m in Sources */,
				00EE2AFC1CD0F5CE000C491A /* LCFakeDataParams.m in Sources */,
				00EE2B991CD0FA5C000C491A /* LCPhtotoImageView.m in Sources */,
				00EE2AEB1CD0F5CE000C491A /* LCNetworkCutView.m in Sources */,
				00EE2BAE1CD10127000C491A /* LCHearderIconView.m in Sources */,
				00EE2AF51CD0F5CE000C491A /* LCReachabilityManager.m in Sources */,
				00EE2AF81CD0F5CE000C491A /* LCResponse.m in Sources */,
				00B83AFC1CC297C200B97B3C /* CatchCrash.m in Sources */,
				00EE2BA41CD0FDE3000C491A /* LCHomeTableViewController.m in Sources */,
				00B83AFF1CC2B3D700B97B3C /* LCManagerTool.m in Sources */,
				00EE2AB41CD0F59E000C491A /* LCView.m in Sources */,
				00EE2AEC1CD0F5CE000C491A /* LCShowErrorViewTool.m in Sources */,
				002847931CC1D10600691204 /* LCTabBarController.m in Sources */,
				00EE2AB11CD0F59E000C491A /* LCLabel.m in Sources */,
				00EE2AA41CD0F51B000C491A /* UIView+Extension.m in Sources */,
				00EE2AA01CD0F51B000C491A /* NSString+LengthInLabel.m in Sources */,
				002847911CC1D10600691204 /* LCNavgationController.m in Sources */,
				002847831CC1D0FD00691204 /* LCMoGoWeiBoTabBarController.m in Sources */,
				00EE2AFB1CD0F5CE000C491A /* LCBaseReformer.m in Sources */,
			);
			runOnlyForDeploymentPostprocessing = 0;
		};
		002847351CC1D0BE00691204 /* Sources */ = {
			isa = PBXSourcesBuildPhase;
			buildActionMask = 2147483647;
			files = (
				0028473E1CC1D0BE00691204 /* LCMogoWeiboDemoTests.m in Sources */,
			);
			runOnlyForDeploymentPostprocessing = 0;
		};
		002847401CC1D0BE00691204 /* Sources */ = {
			isa = PBXSourcesBuildPhase;
			buildActionMask = 2147483647;
			files = (
				002847491CC1D0BE00691204 /* LCMogoWeiboDemoUITests.m in Sources */,
			);
			runOnlyForDeploymentPostprocessing = 0;
		};
/* End PBXSourcesBuildPhase section */

/* Begin PBXTargetDependency section */
		0028473B1CC1D0BE00691204 /* PBXTargetDependency */ = {
			isa = PBXTargetDependency;
			target = 0028471F1CC1D0BE00691204 /* LCMogoWeiboDemo */;
			targetProxy = 0028473A1CC1D0BE00691204 /* PBXContainerItemProxy */;
		};
		002847461CC1D0BE00691204 /* PBXTargetDependency */ = {
			isa = PBXTargetDependency;
			target = 0028471F1CC1D0BE00691204 /* LCMogoWeiboDemo */;
			targetProxy = 002847451CC1D0BE00691204 /* PBXContainerItemProxy */;
		};
/* End PBXTargetDependency section */

/* Begin PBXVariantGroup section */
		002847311CC1D0BE00691204 /* LaunchScreen.storyboard */ = {
			isa = PBXVariantGroup;
			children = (
				002847321CC1D0BE00691204 /* Base */,
			);
			name = LaunchScreen.storyboard;
			sourceTree = "<group>";
		};
/* End PBXVariantGroup section */

/* Begin XCBuildConfiguration section */
		0028474B1CC1D0BE00691204 /* Debug */ = {
			isa = XCBuildConfiguration;
			buildSettings = {
				ALWAYS_SEARCH_USER_PATHS = NO;
				CLANG_CXX_LANGUAGE_STANDARD = "gnu++0x";
				CLANG_CXX_LIBRARY = "libc++";
				CLANG_ENABLE_MODULES = YES;
				CLANG_ENABLE_OBJC_ARC = YES;
				CLANG_WARN_BOOL_CONVERSION = YES;
				CLANG_WARN_CONSTANT_CONVERSION = YES;
				CLANG_WARN_DIRECT_OBJC_ISA_USAGE = YES_ERROR;
				CLANG_WARN_EMPTY_BODY = YES;
				CLANG_WARN_ENUM_CONVERSION = YES;
				CLANG_WARN_INT_CONVERSION = YES;
				CLANG_WARN_OBJC_ROOT_CLASS = YES_ERROR;
				CLANG_WARN_UNREACHABLE_CODE = YES;
				CLANG_WARN__DUPLICATE_METHOD_MATCH = YES;
				"CODE_SIGN_IDENTITY[sdk=iphoneos*]" = "iPhone Developer";
				COPY_PHASE_STRIP = NO;
				DEBUG_INFORMATION_FORMAT = dwarf;
				ENABLE_STRICT_OBJC_MSGSEND = YES;
				ENABLE_TESTABILITY = YES;
				GCC_C_LANGUAGE_STANDARD = gnu99;
				GCC_DYNAMIC_NO_PIC = NO;
				GCC_NO_COMMON_BLOCKS = YES;
				GCC_OPTIMIZATION_LEVEL = 0;
				GCC_PREPROCESSOR_DEFINITIONS = (
					"DEBUG=1",
					"$(inherited)",
				);
				GCC_WARN_64_TO_32_BIT_CONVERSION = YES;
				GCC_WARN_ABOUT_RETURN_TYPE = YES_ERROR;
				GCC_WARN_UNDECLARED_SELECTOR = YES;
				GCC_WARN_UNINITIALIZED_AUTOS = YES_AGGRESSIVE;
				GCC_WARN_UNUSED_FUNCTION = YES;
				GCC_WARN_UNUSED_VARIABLE = YES;
				IPHONEOS_DEPLOYMENT_TARGET = 9.2;
				MTL_ENABLE_DEBUG_INFO = YES;
				ONLY_ACTIVE_ARCH = YES;
				SDKROOT = iphoneos;
				TARGETED_DEVICE_FAMILY = "1,2";
			};
			name = Debug;
		};
		0028474C1CC1D0BE00691204 /* Release */ = {
			isa = XCBuildConfiguration;
			buildSettings = {
				ALWAYS_SEARCH_USER_PATHS = NO;
				CLANG_CXX_LANGUAGE_STANDARD = "gnu++0x";
				CLANG_CXX_LIBRARY = "libc++";
				CLANG_ENABLE_MODULES = YES;
				CLANG_ENABLE_OBJC_ARC = YES;
				CLANG_WARN_BOOL_CONVERSION = YES;
				CLANG_WARN_CONSTANT_CONVERSION = YES;
				CLANG_WARN_DIRECT_OBJC_ISA_USAGE = YES_ERROR;
				CLANG_WARN_EMPTY_BODY = YES;
				CLANG_WARN_ENUM_CONVERSION = YES;
				CLANG_WARN_INT_CONVERSION = YES;
				CLANG_WARN_OBJC_ROOT_CLASS = YES_ERROR;
				CLANG_WARN_UNREACHABLE_CODE = YES;
				CLANG_WARN__DUPLICATE_METHOD_MATCH = YES;
				"CODE_SIGN_IDENTITY[sdk=iphoneos*]" = "iPhone Developer";
				COPY_PHASE_STRIP = NO;
				DEBUG_INFORMATION_FORMAT = "dwarf-with-dsym";
				ENABLE_NS_ASSERTIONS = NO;
				ENABLE_STRICT_OBJC_MSGSEND = YES;
				GCC_C_LANGUAGE_STANDARD = gnu99;
				GCC_NO_COMMON_BLOCKS = YES;
				GCC_WARN_64_TO_32_BIT_CONVERSION = YES;
				GCC_WARN_ABOUT_RETURN_TYPE = YES_ERROR;
				GCC_WARN_UNDECLARED_SELECTOR = YES;
				GCC_WARN_UNINITIALIZED_AUTOS = YES_AGGRESSIVE;
				GCC_WARN_UNUSED_FUNCTION = YES;
				GCC_WARN_UNUSED_VARIABLE = YES;
				IPHONEOS_DEPLOYMENT_TARGET = 9.2;
				MTL_ENABLE_DEBUG_INFO = NO;
				SDKROOT = iphoneos;
				TARGETED_DEVICE_FAMILY = "1,2";
				VALIDATE_PRODUCT = YES;
			};
			name = Release;
		};
		0028474E1CC1D0BE00691204 /* Debug */ = {
			isa = XCBuildConfiguration;
			baseConfigurationReference = 40B33D2B361E085B98F24375 /* Pods.debug.xcconfig */;
			buildSettings = {
				ASSETCATALOG_COMPILER_APPICON_NAME = AppIcon;
				GCC_PRECOMPILE_PREFIX_HEADER = YES;
				GCC_PREFIX_HEADER = "$(SRCROOT)/LCMogoWeiboDemo/Class/PrefixHeader.pch";
				INFOPLIST_FILE = LCMogoWeiboDemo/Info.plist;
				LD_RUNPATH_SEARCH_PATHS = "$(inherited) @executable_path/Frameworks";
				PRODUCT_BUNDLE_IDENTIFIER = com.MoGo.LCMogoWeiboDemo;
				PRODUCT_NAME = "$(TARGET_NAME)";
			};
			name = Debug;
		};
		0028474F1CC1D0BE00691204 /* Release */ = {
			isa = XCBuildConfiguration;
			baseConfigurationReference = 95949A388983EA0047060239 /* Pods.release.xcconfig */;
			buildSettings = {
				ASSETCATALOG_COMPILER_APPICON_NAME = AppIcon;
				GCC_PRECOMPILE_PREFIX_HEADER = YES;
				GCC_PREFIX_HEADER = "$(SRCROOT)/LCMogoWeiboDemo/Class/PrefixHeader.pch";
				INFOPLIST_FILE = LCMogoWeiboDemo/Info.plist;
				LD_RUNPATH_SEARCH_PATHS = "$(inherited) @executable_path/Frameworks";
				PRODUCT_BUNDLE_IDENTIFIER = com.MoGo.LCMogoWeiboDemo;
				PRODUCT_NAME = "$(TARGET_NAME)";
			};
			name = Release;
		};
		002847511CC1D0BE00691204 /* Debug */ = {
			isa = XCBuildConfiguration;
			buildSettings = {
				BUNDLE_LOADER = "$(TEST_HOST)";
				INFOPLIST_FILE = LCMogoWeiboDemoTests/Info.plist;
				LD_RUNPATH_SEARCH_PATHS = "$(inherited) @executable_path/Frameworks @loader_path/Frameworks";
				PRODUCT_BUNDLE_IDENTIFIER = com.MoGo.LCMogoWeiboDemoTests;
				PRODUCT_NAME = "$(TARGET_NAME)";
				TEST_HOST = "$(BUILT_PRODUCTS_DIR)/LCMogoWeiboDemo.app/LCMogoWeiboDemo";
			};
			name = Debug;
		};
		002847521CC1D0BE00691204 /* Release */ = {
			isa = XCBuildConfiguration;
			buildSettings = {
				BUNDLE_LOADER = "$(TEST_HOST)";
				INFOPLIST_FILE = LCMogoWeiboDemoTests/Info.plist;
				LD_RUNPATH_SEARCH_PATHS = "$(inherited) @executable_path/Frameworks @loader_path/Frameworks";
				PRODUCT_BUNDLE_IDENTIFIER = com.MoGo.LCMogoWeiboDemoTests;
				PRODUCT_NAME = "$(TARGET_NAME)";
				TEST_HOST = "$(BUILT_PRODUCTS_DIR)/LCMogoWeiboDemo.app/LCMogoWeiboDemo";
			};
			name = Release;
		};
		002847541CC1D0BE00691204 /* Debug */ = {
			isa = XCBuildConfiguration;
			buildSettings = {
				INFOPLIST_FILE = LCMogoWeiboDemoUITests/Info.plist;
				LD_RUNPATH_SEARCH_PATHS = "$(inherited) @executable_path/Frameworks @loader_path/Frameworks";
				PRODUCT_BUNDLE_IDENTIFIER = com.MoGo.LCMogoWeiboDemoUITests;
				PRODUCT_NAME = "$(TARGET_NAME)";
				TEST_TARGET_NAME = LCMogoWeiboDemo;
				USES_XCTRUNNER = YES;
			};
			name = Debug;
		};
		002847551CC1D0BE00691204 /* Release */ = {
			isa = XCBuildConfiguration;
			buildSettings = {
				INFOPLIST_FILE = LCMogoWeiboDemoUITests/Info.plist;
				LD_RUNPATH_SEARCH_PATHS = "$(inherited) @executable_path/Frameworks @loader_path/Frameworks";
				PRODUCT_BUNDLE_IDENTIFIER = com.MoGo.LCMogoWeiboDemoUITests;
				PRODUCT_NAME = "$(TARGET_NAME)";
				TEST_TARGET_NAME = LCMogoWeiboDemo;
				USES_XCTRUNNER = YES;
			};
			name = Release;
		};
/* End XCBuildConfiguration section */

/* Begin XCConfigurationList section */
		0028471B1CC1D0BE00691204 /* Build configuration list for PBXProject "LCMogoWeiboDemo" */ = {
			isa = XCConfigurationList;
			buildConfigurations = (
				0028474B1CC1D0BE00691204 /* Debug */,
				0028474C1CC1D0BE00691204 /* Release */,
			);
			defaultConfigurationIsVisible = 0;
			defaultConfigurationName = Release;
		};
		0028474D1CC1D0BE00691204 /* Build configuration list for PBXNativeTarget "LCMogoWeiboDemo" */ = {
			isa = XCConfigurationList;
			buildConfigurations = (
				0028474E1CC1D0BE00691204 /* Debug */,
				0028474F1CC1D0BE00691204 /* Release */,
			);
			defaultConfigurationIsVisible = 0;
			defaultConfigurationName = Release;
		};
		002847501CC1D0BE00691204 /* Build configuration list for PBXNativeTarget "LCMogoWeiboDemoTests" */ = {
			isa = XCConfigurationList;
			buildConfigurations = (
				002847511CC1D0BE00691204 /* Debug */,
				002847521CC1D0BE00691204 /* Release */,
			);
			defaultConfigurationIsVisible = 0;
			defaultConfigurationName = Release;
		};
		002847531CC1D0BE00691204 /* Build configuration list for PBXNativeTarget "LCMogoWeiboDemoUITests" */ = {
			isa = XCConfigurationList;
			buildConfigurations = (
				002847541CC1D0BE00691204 /* Debug */,
				002847551CC1D0BE00691204 /* Release */,
			);
			defaultConfigurationIsVisible = 0;
			defaultConfigurationName = Release;
		};
/* End XCConfigurationList section */
	};
	rootObject = 002847181CC1D0BE00691204 /* Project object */;
}
